// !$*UTF8*$!
{
	archiveVersion = 1;
	classes = {
	};
	objectVersion = 54;
	objects = {

/* Begin PBXBuildFile section */
		5B11B3A92647B21700653ABF /* IDEFoundation.framework in Frameworks */ = {isa = PBXBuildFile; fileRef = 5B96C8AB26472813009C4C13 /* IDEFoundation.framework */; };
		5B11B3AA2647B21A00653ABF /* IDEFoundation.framework in Frameworks */ = {isa = PBXBuildFile; fileRef = 5B96C8AB26472813009C4C13 /* IDEFoundation.framework */; };
		5B11B3B02647B21B00653ABF /* IDEFoundation.framework in Frameworks */ = {isa = PBXBuildFile; fileRef = 5B96C8AB26472813009C4C13 /* IDEFoundation.framework */; };
		5B11B3B62647B22000653ABF /* DVTFoundation.framework in Frameworks */ = {isa = PBXBuildFile; fileRef = 5B96C8AC26472813009C4C13 /* DVTFoundation.framework */; };
		5B11B3B72647B22000653ABF /* DVTFoundation.framework in Frameworks */ = {isa = PBXBuildFile; fileRef = 5B96C8AC26472813009C4C13 /* DVTFoundation.framework */; };
		5B11B3BD2647B22100653ABF /* DVTFoundation.framework in Frameworks */ = {isa = PBXBuildFile; fileRef = 5B96C8AC26472813009C4C13 /* DVTFoundation.framework */; };
		5B11B3BE2647B22200653ABF /* DVTFoundation.framework in Frameworks */ = {isa = PBXBuildFile; fileRef = 5B96C8AC26472813009C4C13 /* DVTFoundation.framework */; };
		5B1F0F4B22F8515700A7AFFA /* XCNErrorsTests.m in Sources */ = {isa = PBXBuildFile; fileRef = 5B1F0F4A22F8515700A7AFFA /* XCNErrorsTests.m */; };
		5B1F0F4C22F8520000A7AFFA /* XCNErrors.m in Sources */ = {isa = PBXBuildFile; fileRef = 5B20AFC522F74B7300EA7295 /* XCNErrors.m */; };
		5B1FF6AD2613F122005136E4 /* XCNFileHierarchyAssertions.m in Sources */ = {isa = PBXBuildFile; fileRef = 5B1FF6AC2613F122005136E4 /* XCNFileHierarchyAssertions.m */; };
		5B1FF6E026140C61005136E4 /* Fixtures in Resources */ = {isa = PBXBuildFile; fileRef = 5B1FF6DF26140C61005136E4 /* Fixtures */; };
		5B20A2F922F0BB8500EA7295 /* main.m in Sources */ = {isa = PBXBuildFile; fileRef = 5B20A2F822F0BB8500EA7295 /* main.m */; };
		5B20AFC022F7437700EA7295 /* XCNProject.m in Sources */ = {isa = PBXBuildFile; fileRef = 5B20AFBF22F7437700EA7295 /* XCNProject.m */; };
		5B20AFC622F74B7300EA7295 /* XCNErrors.m in Sources */ = {isa = PBXBuildFile; fileRef = 5B20AFC522F74B7300EA7295 /* XCNErrors.m */; };
		5B20AFCE22F7567C00EA7295 /* XCNOptionParser.m in Sources */ = {isa = PBXBuildFile; fileRef = 5B20AFCD22F7567C00EA7295 /* XCNOptionParser.m */; };
		5B2BA2792926BBB800D99B58 /* XCNSpamWarningSuppressor.m in Sources */ = {isa = PBXBuildFile; fileRef = 5B2BA2772926B92900D99B58 /* XCNSpamWarningSuppressor.m */; };
		5B2F804525FC95D20018752D /* XCNProject.m in Sources */ = {isa = PBXBuildFile; fileRef = 5B20AFBF22F7437700EA7295 /* XCNProject.m */; };
		5B35519423F5D75B000E5EA1 /* XCNLanguage.m in Sources */ = {isa = PBXBuildFile; fileRef = 5B35519323F5D75B000E5EA1 /* XCNLanguage.m */; };
		5B35519623F5D7C1000E5EA1 /* XCNUserInterface.m in Sources */ = {isa = PBXBuildFile; fileRef = 5B35519523F5D7C1000E5EA1 /* XCNUserInterface.m */; };
		5B35519823F5D87C000E5EA1 /* XCNUserInterfaceTests.m in Sources */ = {isa = PBXBuildFile; fileRef = 5B35519723F5D87C000E5EA1 /* XCNUserInterfaceTests.m */; };
		5B35519923F5D8FB000E5EA1 /* XCNUserInterface.m in Sources */ = {isa = PBXBuildFile; fileRef = 5B35519523F5D7C1000E5EA1 /* XCNUserInterface.m */; };
		5B35519A23F5D8FE000E5EA1 /* XCNLanguage.m in Sources */ = {isa = PBXBuildFile; fileRef = 5B35519323F5D75B000E5EA1 /* XCNLanguage.m */; };
		5B35519C23F5D93A000E5EA1 /* XCNLanguageTests.m in Sources */ = {isa = PBXBuildFile; fileRef = 5B35519B23F5D93A000E5EA1 /* XCNLanguageTests.m */; };
		5B39EAAB260BD5510028A910 /* XCNAppLifecycle.m in Sources */ = {isa = PBXBuildFile; fileRef = 5B39EAAA260BD5510028A910 /* XCNAppLifecycle.m */; };
		5B39EABB260BD67A0028A910 /* XCNAppLifecycle.m in Sources */ = {isa = PBXBuildFile; fileRef = 5B39EAAA260BD5510028A910 /* XCNAppLifecycle.m */; };
		5B39EAC2260C69AD0028A910 /* XCNAppLifecycleTests.m in Sources */ = {isa = PBXBuildFile; fileRef = 5B39EAC1260C69AD0028A910 /* XCNAppLifecycleTests.m */; };
		5B5364AF2602C915007E7F20 /* DVTFilePathTests.m in Sources */ = {isa = PBXBuildFile; fileRef = 5BE75965260106EE00DC1E89 /* DVTFilePathTests.m */; };
		5B5364C12602CBFD007E7F20 /* IDETemplateKindTests.m in Sources */ = {isa = PBXBuildFile; fileRef = 5BE7596826010D8A00DC1E89 /* IDETemplateKindTests.m */; };
		5B5364C22602CBFD007E7F20 /* IDETemplateTests.m in Sources */ = {isa = PBXBuildFile; fileRef = 5BE7596A26011AE600DC1E89 /* IDETemplateTests.m */; };
		5B5364C32602CC01007E7F20 /* XCNIDEFoundationTestHelpers.m in Sources */ = {isa = PBXBuildFile; fileRef = 5BE7596D26011FDD00DC1E89 /* XCNIDEFoundationTestHelpers.m */; };
		5B5364D32602D766007E7F20 /* xcnew-integration-tests.sb in Resources */ = {isa = PBXBuildFile; fileRef = 5BDE4A912490D8BE00292480 /* xcnew-integration-tests.sb */; };
		5B5364D42602D76C007E7F20 /* XCNewTests.m in Sources */ = {isa = PBXBuildFile; fileRef = 5B1F0F3B22F7A2BA00A7AFFA /* XCNewTests.m */; };
		5B5364D72602D82C007E7F20 /* xcnew in CopyFiles */ = {isa = PBXBuildFile; fileRef = 5B20A2EE22F0BB0300EA7295 /* xcnew */; settings = {ATTRIBUTES = (CodeSignOnCopy, ); }; };
		5B6128272610F89000B048A1 /* XCNOptionParserParameterizedTests.m in Sources */ = {isa = PBXBuildFile; fileRef = 5B6128262610F89000B048A1 /* XCNOptionParserParameterizedTests.m */; };
		5B61282D2610F8A300B048A1 /* XCNOptionParser.m in Sources */ = {isa = PBXBuildFile; fileRef = 5B20AFCD22F7567C00EA7295 /* XCNOptionParser.m */; };
		5B6533EE2706A218007BFBB4 /* XCNOptionParseResult.m in Sources */ = {isa = PBXBuildFile; fileRef = 5B6533ED2706A218007BFBB4 /* XCNOptionParseResult.m */; };
		5B6533EF2706A6B6007BFBB4 /* XCNOptionParseResult.m in Sources */ = {isa = PBXBuildFile; fileRef = 5B6533ED2706A218007BFBB4 /* XCNOptionParseResult.m */; };
		5B7E89F325FC91A3004E0420 /* XCNProjectTests.m in Sources */ = {isa = PBXBuildFile; fileRef = 5B7E89F225FC91A3004E0420 /* XCNProjectTests.m */; };
		5BA08FF5275E9E1300CC3916 /* DVTPlatformTests.m in Sources */ = {isa = PBXBuildFile; fileRef = 5BA08FF4275E9E1300CC3916 /* DVTPlatformTests.m */; };
		5BD3D460289B1C2C00BDB452 /* xcnew.mxml in Copy Files */ = {isa = PBXBuildFile; fileRef = 5BC9EE2022FDF6C000D67BD1 /* xcnew.mxml */; };
		5BD3D46B289F054200BDB452 /* XCNOptionDefinitions.c in Sources */ = {isa = PBXBuildFile; fileRef = 5BD3D46A289F054200BDB452 /* XCNOptionDefinitions.c */; };
		5BD3D46C289F054200BDB452 /* XCNOptionDefinitions.c in Sources */ = {isa = PBXBuildFile; fileRef = 5BD3D46A289F054200BDB452 /* XCNOptionDefinitions.c */; };
/* End PBXBuildFile section */

/* Begin PBXBuildRule section */
		5BA08FF827614A3100CC3916 /* PBXBuildRule */ = {
			isa = PBXBuildRule;
			compilerSpec = com.apple.compilers.proxy.script;
			filePatterns = "*.mxml";
			fileType = pattern.proxy;
			inputFiles = (
			);
			isEditable = 1;
			outputFiles = (
				"$(BUILT_PRODUCTS_DIR)/$(INPUT_FILE_BASE).1",
			);
			runOncePerArchitecture = 0;
			script = "xml2man -f \"$SCRIPT_INPUT_FILE\" \"$SCRIPT_OUTPUT_FILE_0\"\n";
		};
/* End PBXBuildRule section */

/* Begin PBXContainerItemProxy section */
		5B96C88E26472044009C4C13 /* PBXContainerItemProxy */ = {
			isa = PBXContainerItemProxy;
			containerPortal = 5B20A2E622F0BB0300EA7295 /* Project object */;
			proxyType = 1;
			remoteGlobalIDString = 5B20A2ED22F0BB0300EA7295;
			remoteInfo = xcnew;
		};
		5BD3D45E289B00E100BDB452 /* PBXContainerItemProxy */ = {
			isa = PBXContainerItemProxy;
			containerPortal = 5B20A2E622F0BB0300EA7295 /* Project object */;
			proxyType = 1;
			remoteGlobalIDString = 5B20A2ED22F0BB0300EA7295;
			remoteInfo = xcnew;
		};
/* End PBXContainerItemProxy section */

/* Begin PBXCopyFilesBuildPhase section */
		5B5364D62602D826007E7F20 /* CopyFiles */ = {
			isa = PBXCopyFilesBuildPhase;
			buildActionMask = 2147483647;
			dstPath = "";
			dstSubfolderSpec = 6;
			files = (
				5B5364D72602D82C007E7F20 /* xcnew in CopyFiles */,
			);
			runOnlyForDeploymentPostprocessing = 0;
		};
		5BC9EE2322FDF76100D67BD1 /* Copy Files */ = {
			isa = PBXCopyFilesBuildPhase;
			buildActionMask = 8;
			dstPath = "$(INSTALL_PATH)/../share/man/man1";
			dstSubfolderSpec = 0;
			files = (
				5BD3D460289B1C2C00BDB452 /* xcnew.mxml in Copy Files */,
			);
			name = "Copy Files";
			runOnlyForDeploymentPostprocessing = 1;
		};
/* End PBXCopyFilesBuildPhase section */

/* Begin PBXFileReference section */
		5B13E06928A28335004E9B8E /* Package */ = {isa = PBXFileReference; lastKnownFileType = folder; path = Package; sourceTree = "<group>"; };
		5B13E06A28A28381004E9B8E /* Scripts */ = {isa = PBXFileReference; lastKnownFileType = folder; path = Scripts; sourceTree = "<group>"; };
		5B1F0F3922F7A2BA00A7AFFA /* xcnew-tests.xctest */ = {isa = PBXFileReference; explicitFileType = wrapper.cfbundle; includeInIndex = 0; path = "xcnew-tests.xctest"; sourceTree = BUILT_PRODUCTS_DIR; };
		5B1F0F3B22F7A2BA00A7AFFA /* XCNewTests.m */ = {isa = PBXFileReference; lastKnownFileType = sourcecode.c.objc; path = XCNewTests.m; sourceTree = "<group>"; };
		5B1F0F3D22F7A2BA00A7AFFA /* Info.plist */ = {isa = PBXFileReference; lastKnownFileType = text.plist.xml; path = Info.plist; sourceTree = "<group>"; };
		5B1F0F4A22F8515700A7AFFA /* XCNErrorsTests.m */ = {isa = PBXFileReference; lastKnownFileType = sourcecode.c.objc; path = XCNErrorsTests.m; sourceTree = "<group>"; };
		5B1F0F5722F88EE700A7AFFA /* XCNMacroDefinitions.h */ = {isa = PBXFileReference; lastKnownFileType = sourcecode.c.h; path = XCNMacroDefinitions.h; sourceTree = "<group>"; };
		5B1FF6AB2613F122005136E4 /* XCNFileHierarchyAssertions.h */ = {isa = PBXFileReference; lastKnownFileType = sourcecode.c.h; path = XCNFileHierarchyAssertions.h; sourceTree = "<group>"; };
		5B1FF6AC2613F122005136E4 /* XCNFileHierarchyAssertions.m */ = {isa = PBXFileReference; lastKnownFileType = sourcecode.c.objc; path = XCNFileHierarchyAssertions.m; sourceTree = "<group>"; };
		5B1FF6DF26140C61005136E4 /* Fixtures */ = {isa = PBXFileReference; lastKnownFileType = folder; path = Fixtures; sourceTree = "<group>"; };
		5B20A2EE22F0BB0300EA7295 /* xcnew */ = {isa = PBXFileReference; explicitFileType = "compiled.mach-o.executable"; includeInIndex = 0; path = xcnew; sourceTree = BUILT_PRODUCTS_DIR; };
		5B20A2F822F0BB8500EA7295 /* main.m */ = {isa = PBXFileReference; lastKnownFileType = sourcecode.c.objc; path = main.m; sourceTree = "<group>"; };
		5B20AFBE22F7437700EA7295 /* XCNProject.h */ = {isa = PBXFileReference; lastKnownFileType = sourcecode.c.h; path = XCNProject.h; sourceTree = "<group>"; };
		5B20AFBF22F7437700EA7295 /* XCNProject.m */ = {isa = PBXFileReference; lastKnownFileType = sourcecode.c.objc; path = XCNProject.m; sourceTree = "<group>"; };
		5B20AFC422F74B7300EA7295 /* XCNErrors.h */ = {isa = PBXFileReference; lastKnownFileType = sourcecode.c.h; path = XCNErrors.h; sourceTree = "<group>"; };
		5B20AFC522F74B7300EA7295 /* XCNErrors.m */ = {isa = PBXFileReference; lastKnownFileType = sourcecode.c.objc; path = XCNErrors.m; sourceTree = "<group>"; };
		5B20AFC722F74CCB00EA7295 /* XCNErrorsInternal.h */ = {isa = PBXFileReference; lastKnownFileType = sourcecode.c.h; path = XCNErrorsInternal.h; sourceTree = "<group>"; };
		5B20AFCC22F7567C00EA7295 /* XCNOptionParser.h */ = {isa = PBXFileReference; lastKnownFileType = sourcecode.c.h; path = XCNOptionParser.h; sourceTree = "<group>"; };
		5B20AFCD22F7567C00EA7295 /* XCNOptionParser.m */ = {isa = PBXFileReference; lastKnownFileType = sourcecode.c.objc; path = XCNOptionParser.m; sourceTree = "<group>"; };
		5B20AFD522F7599700EA7295 /* XCNLanguage.h */ = {isa = PBXFileReference; lastKnownFileType = sourcecode.c.h; path = XCNLanguage.h; sourceTree = "<group>"; };
		5B2BA2762926B92900D99B58 /* XCNSpamWarningSuppressor.h */ = {isa = PBXFileReference; lastKnownFileType = sourcecode.c.h; path = XCNSpamWarningSuppressor.h; sourceTree = "<group>"; };
		5B2BA2772926B92900D99B58 /* XCNSpamWarningSuppressor.m */ = {isa = PBXFileReference; lastKnownFileType = sourcecode.c.objc; path = XCNSpamWarningSuppressor.m; sourceTree = "<group>"; };
		5B35519323F5D75B000E5EA1 /* XCNLanguage.m */ = {isa = PBXFileReference; lastKnownFileType = sourcecode.c.objc; path = XCNLanguage.m; sourceTree = "<group>"; };
		5B35519523F5D7C1000E5EA1 /* XCNUserInterface.m */ = {isa = PBXFileReference; lastKnownFileType = sourcecode.c.objc; path = XCNUserInterface.m; sourceTree = "<group>"; };
		5B35519723F5D87C000E5EA1 /* XCNUserInterfaceTests.m */ = {isa = PBXFileReference; lastKnownFileType = sourcecode.c.objc; path = XCNUserInterfaceTests.m; sourceTree = "<group>"; };
		5B35519B23F5D93A000E5EA1 /* XCNLanguageTests.m */ = {isa = PBXFileReference; lastKnownFileType = sourcecode.c.objc; path = XCNLanguageTests.m; sourceTree = "<group>"; };
		5B35529824E7A4F90035E983 /* XCNProjectFeature.h */ = {isa = PBXFileReference; lastKnownFileType = sourcecode.c.h; path = XCNProjectFeature.h; sourceTree = "<group>"; };
		5B37114B23F81570004CD497 /* Info.plist */ = {isa = PBXFileReference; lastKnownFileType = text.plist.xml; path = Info.plist; sourceTree = "<group>"; };
		5B393EE626310FB600948B46 /* XCNProjectInternal.h */ = {isa = PBXFileReference; lastKnownFileType = sourcecode.c.h; path = XCNProjectInternal.h; sourceTree = "<group>"; };
		5B39EAA9260BD5510028A910 /* XCNAppLifecycle.h */ = {isa = PBXFileReference; lastKnownFileType = sourcecode.c.h; path = XCNAppLifecycle.h; sourceTree = "<group>"; };
		5B39EAAA260BD5510028A910 /* XCNAppLifecycle.m */ = {isa = PBXFileReference; lastKnownFileType = sourcecode.c.objc; path = XCNAppLifecycle.m; sourceTree = "<group>"; };
		5B39EAC1260C69AD0028A910 /* XCNAppLifecycleTests.m */ = {isa = PBXFileReference; lastKnownFileType = sourcecode.c.objc; path = XCNAppLifecycleTests.m; sourceTree = "<group>"; };
		5B3F958023F55DB5002F32B8 /* XCNUserInterface.h */ = {isa = PBXFileReference; lastKnownFileType = sourcecode.c.h; path = XCNUserInterface.h; sourceTree = "<group>"; };
		5B5364A72602C8F8007E7F20 /* DVTFoundationTests.xctest */ = {isa = PBXFileReference; explicitFileType = wrapper.cfbundle; includeInIndex = 0; path = DVTFoundationTests.xctest; sourceTree = BUILT_PRODUCTS_DIR; };
		5B5364B02602C957007E7F20 /* Info.plist */ = {isa = PBXFileReference; lastKnownFileType = text.plist.xml; path = Info.plist; sourceTree = "<group>"; };
		5B5364B72602CB37007E7F20 /* IDEFoundationTests.xctest */ = {isa = PBXFileReference; explicitFileType = wrapper.cfbundle; includeInIndex = 0; path = IDEFoundationTests.xctest; sourceTree = BUILT_PRODUCTS_DIR; };
		5B5364BB2602CB37007E7F20 /* Info.plist */ = {isa = PBXFileReference; lastKnownFileType = text.plist.xml; path = Info.plist; sourceTree = "<group>"; };
		5B5364CB2602D710007E7F20 /* xcnew-integration-tests.xctest */ = {isa = PBXFileReference; explicitFileType = wrapper.cfbundle; includeInIndex = 0; path = "xcnew-integration-tests.xctest"; sourceTree = BUILT_PRODUCTS_DIR; };
		5B5364D52602D7D9007E7F20 /* Info.plist */ = {isa = PBXFileReference; lastKnownFileType = text.plist.xml; path = Info.plist; sourceTree = "<group>"; };
		5B6128262610F89000B048A1 /* XCNOptionParserParameterizedTests.m */ = {isa = PBXFileReference; lastKnownFileType = sourcecode.c.objc; path = XCNOptionParserParameterizedTests.m; sourceTree = "<group>"; };
		5B6533EC2706A218007BFBB4 /* XCNOptionParseResult.h */ = {isa = PBXFileReference; lastKnownFileType = sourcecode.c.h; path = XCNOptionParseResult.h; sourceTree = "<group>"; };
		5B6533ED2706A218007BFBB4 /* XCNOptionParseResult.m */ = {isa = PBXFileReference; lastKnownFileType = sourcecode.c.objc; path = XCNOptionParseResult.m; sourceTree = "<group>"; };
		5B7E89F225FC91A3004E0420 /* XCNProjectTests.m */ = {isa = PBXFileReference; lastKnownFileType = sourcecode.c.objc; path = XCNProjectTests.m; sourceTree = "<group>"; };
		5B96C8AB26472813009C4C13 /* IDEFoundation.framework */ = {isa = PBXFileReference; lastKnownFileType = wrapper.framework; path = IDEFoundation.framework; sourceTree = "<group>"; };
		5B96C8AC26472813009C4C13 /* DVTFoundation.framework */ = {isa = PBXFileReference; lastKnownFileType = wrapper.framework; path = DVTFoundation.framework; sourceTree = "<group>"; };
		5BA08FF4275E9E1300CC3916 /* DVTPlatformTests.m */ = {isa = PBXFileReference; lastKnownFileType = sourcecode.c.objc; path = DVTPlatformTests.m; sourceTree = "<group>"; };
		5BC9EE2022FDF6C000D67BD1 /* xcnew.mxml */ = {isa = PBXFileReference; explicitFileType = text.xml; indentWidth = 2; path = xcnew.mxml; sourceTree = "<group>"; tabWidth = 2; };
		5BD3D469289F054200BDB452 /* XCNOptionDefinitions.h */ = {isa = PBXFileReference; lastKnownFileType = sourcecode.c.h; path = XCNOptionDefinitions.h; sourceTree = "<group>"; };
		5BD3D46A289F054200BDB452 /* XCNOptionDefinitions.c */ = {isa = PBXFileReference; lastKnownFileType = sourcecode.c.c; path = XCNOptionDefinitions.c; sourceTree = "<group>"; };
		5BDE4A912490D8BE00292480 /* xcnew-integration-tests.sb */ = {isa = PBXFileReference; lastKnownFileType = text; path = "xcnew-integration-tests.sb"; sourceTree = "<group>"; };
		5BE75965260106EE00DC1E89 /* DVTFilePathTests.m */ = {isa = PBXFileReference; lastKnownFileType = sourcecode.c.objc; path = DVTFilePathTests.m; sourceTree = "<group>"; };
		5BE7596826010D8A00DC1E89 /* IDETemplateKindTests.m */ = {isa = PBXFileReference; lastKnownFileType = sourcecode.c.objc; path = IDETemplateKindTests.m; sourceTree = "<group>"; };
		5BE7596A26011AE600DC1E89 /* IDETemplateTests.m */ = {isa = PBXFileReference; lastKnownFileType = sourcecode.c.objc; path = IDETemplateTests.m; sourceTree = "<group>"; };
		5BE7596C26011FDD00DC1E89 /* XCNIDEFoundationTestHelpers.h */ = {isa = PBXFileReference; lastKnownFileType = sourcecode.c.h; path = XCNIDEFoundationTestHelpers.h; sourceTree = "<group>"; };
		5BE7596D26011FDD00DC1E89 /* XCNIDEFoundationTestHelpers.m */ = {isa = PBXFileReference; lastKnownFileType = sourcecode.c.objc; path = XCNIDEFoundationTestHelpers.m; sourceTree = "<group>"; };
/* End PBXFileReference section */

/* Begin PBXFrameworksBuildPhase section */
		5B20A2EB22F0BB0300EA7295 /* Frameworks */ = {
			isa = PBXFrameworksBuildPhase;
			buildActionMask = 2147483647;
			files = (
				5B11B3B62647B22000653ABF /* DVTFoundation.framework in Frameworks */,
				5B11B3A92647B21700653ABF /* IDEFoundation.framework in Frameworks */,
			);
			runOnlyForDeploymentPostprocessing = 0;
		};
		5B2F804625FC965C0018752D /* Frameworks */ = {
			isa = PBXFrameworksBuildPhase;
			buildActionMask = 2147483647;
			files = (
				5B11B3BE2647B22200653ABF /* DVTFoundation.framework in Frameworks */,
				5B11B3B02647B21B00653ABF /* IDEFoundation.framework in Frameworks */,
			);
			runOnlyForDeploymentPostprocessing = 0;
		};
		5B5364A42602C8F8007E7F20 /* Frameworks */ = {
			isa = PBXFrameworksBuildPhase;
			buildActionMask = 2147483647;
			files = (
				5B11B3B72647B22000653ABF /* DVTFoundation.framework in Frameworks */,
			);
			runOnlyForDeploymentPostprocessing = 0;
		};
		5B5364B42602CB37007E7F20 /* Frameworks */ = {
			isa = PBXFrameworksBuildPhase;
			buildActionMask = 2147483647;
			files = (
				5B11B3BD2647B22100653ABF /* DVTFoundation.framework in Frameworks */,
				5B11B3AA2647B21A00653ABF /* IDEFoundation.framework in Frameworks */,
			);
			runOnlyForDeploymentPostprocessing = 0;
		};
/* End PBXFrameworksBuildPhase section */

/* Begin PBXGroup section */
		5B1F0F3A22F7A2BA00A7AFFA /* Tests */ = {
			isa = PBXGroup;
			children = (
				5BE75964260106D300DC1E89 /* DVTFoundationTests */,
				5BE7596726010C5100DC1E89 /* IDEFoundationTests */,
				5B5364C42602CCD0007E7F20 /* xcnew-tests */,
				5B5364C62602D6E9007E7F20 /* xcnew-integration-tests */,
			);
			path = Tests;
			sourceTree = "<group>";
		};
		5B20A2E522F0BB0300EA7295 = {
			isa = PBXGroup;
			children = (
				5B20A2F022F0BB0300EA7295 /* Sources */,
				5B1F0F3A22F7A2BA00A7AFFA /* Tests */,
				5B96C8A926472813009C4C13 /* Frameworks */,
				5B13E06928A28335004E9B8E /* Package */,
				5B13E06A28A28381004E9B8E /* Scripts */,
				5B20A2EF22F0BB0300EA7295 /* Products */,
			);
			sourceTree = "<group>";
		};
		5B20A2EF22F0BB0300EA7295 /* Products */ = {
			isa = PBXGroup;
			children = (
				5B20A2EE22F0BB0300EA7295 /* xcnew */,
				5B1F0F3922F7A2BA00A7AFFA /* xcnew-tests.xctest */,
				5B5364A72602C8F8007E7F20 /* DVTFoundationTests.xctest */,
				5B5364B72602CB37007E7F20 /* IDEFoundationTests.xctest */,
				5B5364CB2602D710007E7F20 /* xcnew-integration-tests.xctest */,
			);
			name = Products;
			sourceTree = "<group>";
		};
		5B20A2F022F0BB0300EA7295 /* Sources */ = {
			isa = PBXGroup;
			children = (
				5B5364C52602CD32007E7F20 /* xcnew */,
			);
			path = Sources;
			sourceTree = "<group>";
		};
		5B5364C42602CCD0007E7F20 /* xcnew-tests */ = {
			isa = PBXGroup;
			children = (
				5B39EAC1260C69AD0028A910 /* XCNAppLifecycleTests.m */,
				5B1F0F4A22F8515700A7AFFA /* XCNErrorsTests.m */,
				5B35519B23F5D93A000E5EA1 /* XCNLanguageTests.m */,
				5B6128262610F89000B048A1 /* XCNOptionParserParameterizedTests.m */,
				5B7E89F225FC91A3004E0420 /* XCNProjectTests.m */,
				5B35519723F5D87C000E5EA1 /* XCNUserInterfaceTests.m */,
				5B1F0F3D22F7A2BA00A7AFFA /* Info.plist */,
			);
			path = "xcnew-tests";
			sourceTree = "<group>";
		};
		5B5364C52602CD32007E7F20 /* xcnew */ = {
			isa = PBXGroup;
			children = (
				5B39EAA9260BD5510028A910 /* XCNAppLifecycle.h */,
				5B39EAAA260BD5510028A910 /* XCNAppLifecycle.m */,
				5B20AFC422F74B7300EA7295 /* XCNErrors.h */,
				5B20AFC722F74CCB00EA7295 /* XCNErrorsInternal.h */,
				5B20AFC522F74B7300EA7295 /* XCNErrors.m */,
				5B20AFD522F7599700EA7295 /* XCNLanguage.h */,
				5B35519323F5D75B000E5EA1 /* XCNLanguage.m */,
				5B1F0F5722F88EE700A7AFFA /* XCNMacroDefinitions.h */,
				5BD3D469289F054200BDB452 /* XCNOptionDefinitions.h */,
				5BD3D46A289F054200BDB452 /* XCNOptionDefinitions.c */,
				5B20AFCC22F7567C00EA7295 /* XCNOptionParser.h */,
				5B20AFCD22F7567C00EA7295 /* XCNOptionParser.m */,
				5B6533EC2706A218007BFBB4 /* XCNOptionParseResult.h */,
				5B6533ED2706A218007BFBB4 /* XCNOptionParseResult.m */,
				5B20AFBE22F7437700EA7295 /* XCNProject.h */,
				5B393EE626310FB600948B46 /* XCNProjectInternal.h */,
				5B20AFBF22F7437700EA7295 /* XCNProject.m */,
				5B35529824E7A4F90035E983 /* XCNProjectFeature.h */,
				5B3F958023F55DB5002F32B8 /* XCNUserInterface.h */,
				5B35519523F5D7C1000E5EA1 /* XCNUserInterface.m */,
				5B20A2F822F0BB8500EA7295 /* main.m */,
				5BC9EE2022FDF6C000D67BD1 /* xcnew.mxml */,
				5B37114B23F81570004CD497 /* Info.plist */,
			);
			path = xcnew;
			sourceTree = "<group>";
		};
		5B5364C62602D6E9007E7F20 /* xcnew-integration-tests */ = {
			isa = PBXGroup;
			children = (
				5B1FF6DF26140C61005136E4 /* Fixtures */,
				5B1FF6AB2613F122005136E4 /* XCNFileHierarchyAssertions.h */,
				5B1FF6AC2613F122005136E4 /* XCNFileHierarchyAssertions.m */,
				5B2BA2762926B92900D99B58 /* XCNSpamWarningSuppressor.h */,
				5B2BA2772926B92900D99B58 /* XCNSpamWarningSuppressor.m */,
				5B1F0F3B22F7A2BA00A7AFFA /* XCNewTests.m */,
				5BDE4A912490D8BE00292480 /* xcnew-integration-tests.sb */,
				5B5364D52602D7D9007E7F20 /* Info.plist */,
			);
			path = "xcnew-integration-tests";
			sourceTree = "<group>";
		};
		5B96C8A926472813009C4C13 /* Frameworks */ = {
			isa = PBXGroup;
			children = (
				5B96C8AB26472813009C4C13 /* IDEFoundation.framework */,
				5B96C8AC26472813009C4C13 /* DVTFoundation.framework */,
			);
			path = Frameworks;
			sourceTree = "<group>";
		};
		5BE75964260106D300DC1E89 /* DVTFoundationTests */ = {
			isa = PBXGroup;
			children = (
				5BE75965260106EE00DC1E89 /* DVTFilePathTests.m */,
				5BA08FF4275E9E1300CC3916 /* DVTPlatformTests.m */,
				5B5364B02602C957007E7F20 /* Info.plist */,
			);
			path = DVTFoundationTests;
			sourceTree = "<group>";
		};
		5BE7596726010C5100DC1E89 /* IDEFoundationTests */ = {
			isa = PBXGroup;
			children = (
				5BE7596826010D8A00DC1E89 /* IDETemplateKindTests.m */,
				5BE7596A26011AE600DC1E89 /* IDETemplateTests.m */,
				5BE7596C26011FDD00DC1E89 /* XCNIDEFoundationTestHelpers.h */,
				5BE7596D26011FDD00DC1E89 /* XCNIDEFoundationTestHelpers.m */,
				5B5364BB2602CB37007E7F20 /* Info.plist */,
			);
			path = IDEFoundationTests;
			sourceTree = "<group>";
		};
/* End PBXGroup section */

/* Begin PBXNativeTarget section */
		5B1F0F3822F7A2BA00A7AFFA /* xcnew-tests */ = {
			isa = PBXNativeTarget;
			buildConfigurationList = 5B1F0F4022F7A2BA00A7AFFA /* Build configuration list for PBXNativeTarget "xcnew-tests" */;
			buildPhases = (
				5B1F0F3522F7A2BA00A7AFFA /* Sources */,
				5B2F804625FC965C0018752D /* Frameworks */,
			);
			buildRules = (
			);
			dependencies = (
				5BD3D45F289B00E100BDB452 /* PBXTargetDependency */,
			);
			name = "xcnew-tests";
			productName = "xcnew-tests";
			productReference = 5B1F0F3922F7A2BA00A7AFFA /* xcnew-tests.xctest */;
			productType = "com.apple.product-type.bundle.unit-test";
		};
		5B20A2ED22F0BB0300EA7295 /* xcnew */ = {
			isa = PBXNativeTarget;
			buildConfigurationList = 5B20A2F522F0BB0300EA7295 /* Build configuration list for PBXNativeTarget "xcnew" */;
			buildPhases = (
				5B20A2EA22F0BB0300EA7295 /* Sources */,
				5B20A2EB22F0BB0300EA7295 /* Frameworks */,
				5B11B38F2647ADC600653ABF /* Analyze Executable */,
				5BC9EE2322FDF76100D67BD1 /* Copy Files */,
			);
			buildRules = (
				5BA08FF827614A3100CC3916 /* PBXBuildRule */,
			);
			dependencies = (
			);
			name = xcnew;
			productName = xcnew;
			productReference = 5B20A2EE22F0BB0300EA7295 /* xcnew */;
			productType = "com.apple.product-type.tool";
		};
		5B5364A62602C8F8007E7F20 /* DVTFoundationTests */ = {
			isa = PBXNativeTarget;
			buildConfigurationList = 5B5364AE2602C8F8007E7F20 /* Build configuration list for PBXNativeTarget "DVTFoundationTests" */;
			buildPhases = (
				5B5364A32602C8F8007E7F20 /* Sources */,
				5B5364A42602C8F8007E7F20 /* Frameworks */,
			);
			buildRules = (
			);
			dependencies = (
			);
			name = DVTFoundationTests;
			productName = DVTFoundationTests;
			productReference = 5B5364A72602C8F8007E7F20 /* DVTFoundationTests.xctest */;
			productType = "com.apple.product-type.bundle.unit-test";
		};
		5B5364B62602CB37007E7F20 /* IDEFoundationTests */ = {
			isa = PBXNativeTarget;
			buildConfigurationList = 5B5364BC2602CB37007E7F20 /* Build configuration list for PBXNativeTarget "IDEFoundationTests" */;
			buildPhases = (
				5B5364B32602CB37007E7F20 /* Sources */,
				5B5364B42602CB37007E7F20 /* Frameworks */,
			);
			buildRules = (
			);
			dependencies = (
			);
			name = IDEFoundationTests;
			productName = IDEFoundationTests;
			productReference = 5B5364B72602CB37007E7F20 /* IDEFoundationTests.xctest */;
			productType = "com.apple.product-type.bundle.unit-test";
		};
		5B5364CA2602D710007E7F20 /* xcnew-integration-tests */ = {
			isa = PBXNativeTarget;
			buildConfigurationList = 5B5364D02602D710007E7F20 /* Build configuration list for PBXNativeTarget "xcnew-integration-tests" */;
			buildPhases = (
				5B5364C72602D710007E7F20 /* Sources */,
				5B5364C92602D710007E7F20 /* Resources */,
				5B5364D62602D826007E7F20 /* CopyFiles */,
			);
			buildRules = (
			);
			dependencies = (
				5B96C88F26472044009C4C13 /* PBXTargetDependency */,
			);
			name = "xcnew-integration-tests";
			productName = "xcnew-integration-tests";
			productReference = 5B5364CB2602D710007E7F20 /* xcnew-integration-tests.xctest */;
			productType = "com.apple.product-type.bundle.unit-test";
		};
/* End PBXNativeTarget section */

/* Begin PBXProject section */
		5B20A2E622F0BB0300EA7295 /* Project object */ = {
			isa = PBXProject;
			attributes = {
				CLASSPREFIX = XCN;
				LastSwiftUpdateCheck = 1020;
				LastUpgradeCheck = 1330;
				ORGANIZATIONNAME = "Ryosuke Ito";
				TargetAttributes = {
					5B1F0F3822F7A2BA00A7AFFA = {
						CreatedOnToolsVersion = 10.2.1;
					};
					5B20A2ED22F0BB0300EA7295 = {
						CreatedOnToolsVersion = 10.2.1;
					};
					5B5364A62602C8F8007E7F20 = {
						CreatedOnToolsVersion = 11.7;
					};
					5B5364B62602CB37007E7F20 = {
						CreatedOnToolsVersion = 11.7;
					};
					5B5364CA2602D710007E7F20 = {
						CreatedOnToolsVersion = 11.7;
					};
				};
			};
			buildConfigurationList = 5B20A2E922F0BB0300EA7295 /* Build configuration list for PBXProject "xcnew" */;
			compatibilityVersion = "Xcode 9.3";
			developmentRegion = en;
			hasScannedForEncodings = 0;
			knownRegions = (
				en,
			);
			mainGroup = 5B20A2E522F0BB0300EA7295;
			productRefGroup = 5B20A2EF22F0BB0300EA7295 /* Products */;
			projectDirPath = "";
			projectRoot = "";
			targets = (
				5B20A2ED22F0BB0300EA7295 /* xcnew */,
				5B5364A62602C8F8007E7F20 /* DVTFoundationTests */,
				5B5364B62602CB37007E7F20 /* IDEFoundationTests */,
				5B1F0F3822F7A2BA00A7AFFA /* xcnew-tests */,
				5B5364CA2602D710007E7F20 /* xcnew-integration-tests */,
			);
		};
/* End PBXProject section */

/* Begin PBXResourcesBuildPhase section */
		5B5364C92602D710007E7F20 /* Resources */ = {
			isa = PBXResourcesBuildPhase;
			buildActionMask = 2147483647;
			files = (
				5B1FF6E026140C61005136E4 /* Fixtures in Resources */,
				5B5364D32602D766007E7F20 /* xcnew-integration-tests.sb in Resources */,
			);
			runOnlyForDeploymentPostprocessing = 0;
		};
/* End PBXResourcesBuildPhase section */

/* Begin PBXShellScriptBuildPhase section */
		5B11B38F2647ADC600653ABF /* Analyze Executable */ = {
			isa = PBXShellScriptBuildPhase;
			alwaysOutOfDate = 1;
			buildActionMask = 2147483647;
			files = (
			);
			inputFileListPaths = (
			);
			inputPaths = (
				"$(BUILT_PRODUCTS_DIR)/$(EXECUTABLE_PATH)",
			);
			name = "Analyze Executable";
			outputFileListPaths = (
			);
			outputPaths = (
			);
			runOnlyForDeploymentPostprocessing = 0;
			shellPath = /bin/sh;
			shellScript = "# Fail if `tapi-analyze` writes anything to stderr because it returns 0 even on error.\nif { tapi-analyze \"$SCRIPT_INPUT_FILE_0\" 2>&1 >/dev/null | grep '^'; }; then\n    exit 1\nfi\n";
		};
/* End PBXShellScriptBuildPhase section */

/* Begin PBXSourcesBuildPhase section */
		5B1F0F3522F7A2BA00A7AFFA /* Sources */ = {
			isa = PBXSourcesBuildPhase;
			buildActionMask = 2147483647;
			files = (
				5B6128272610F89000B048A1 /* XCNOptionParserParameterizedTests.m in Sources */,
				5BD3D46C289F054200BDB452 /* XCNOptionDefinitions.c in Sources */,
				5B35519823F5D87C000E5EA1 /* XCNUserInterfaceTests.m in Sources */,
				5B1F0F4B22F8515700A7AFFA /* XCNErrorsTests.m in Sources */,
				5B1F0F4C22F8520000A7AFFA /* XCNErrors.m in Sources */,
				5B61282D2610F8A300B048A1 /* XCNOptionParser.m in Sources */,
				5B35519923F5D8FB000E5EA1 /* XCNUserInterface.m in Sources */,
				5B35519A23F5D8FE000E5EA1 /* XCNLanguage.m in Sources */,
				5B35519C23F5D93A000E5EA1 /* XCNLanguageTests.m in Sources */,
				5B39EABB260BD67A0028A910 /* XCNAppLifecycle.m in Sources */,
				5B6533EF2706A6B6007BFBB4 /* XCNOptionParseResult.m in Sources */,
				5B7E89F325FC91A3004E0420 /* XCNProjectTests.m in Sources */,
				5B39EAC2260C69AD0028A910 /* XCNAppLifecycleTests.m in Sources */,
				5B2F804525FC95D20018752D /* XCNProject.m in Sources */,
			);
			runOnlyForDeploymentPostprocessing = 0;
		};
		5B20A2EA22F0BB0300EA7295 /* Sources */ = {
			isa = PBXSourcesBuildPhase;
			buildActionMask = 2147483647;
			files = (
				5B35519423F5D75B000E5EA1 /* XCNLanguage.m in Sources */,
				5B6533EE2706A218007BFBB4 /* XCNOptionParseResult.m in Sources */,
				5B20A2F922F0BB8500EA7295 /* main.m in Sources */,
				5B20AFC622F74B7300EA7295 /* XCNErrors.m in Sources */,
				5B20AFC022F7437700EA7295 /* XCNProject.m in Sources */,
				5BD3D46B289F054200BDB452 /* XCNOptionDefinitions.c in Sources */,
				5B20AFCE22F7567C00EA7295 /* XCNOptionParser.m in Sources */,
				5B39EAAB260BD5510028A910 /* XCNAppLifecycle.m in Sources */,
				5B35519623F5D7C1000E5EA1 /* XCNUserInterface.m in Sources */,
			);
			runOnlyForDeploymentPostprocessing = 0;
		};
		5B5364A32602C8F8007E7F20 /* Sources */ = {
			isa = PBXSourcesBuildPhase;
			buildActionMask = 2147483647;
			files = (
				5B5364AF2602C915007E7F20 /* DVTFilePathTests.m in Sources */,
				5BA08FF5275E9E1300CC3916 /* DVTPlatformTests.m in Sources */,
			);
			runOnlyForDeploymentPostprocessing = 0;
		};
		5B5364B32602CB37007E7F20 /* Sources */ = {
			isa = PBXSourcesBuildPhase;
			buildActionMask = 2147483647;
			files = (
				5B5364C22602CBFD007E7F20 /* IDETemplateTests.m in Sources */,
				5B5364C12602CBFD007E7F20 /* IDETemplateKindTests.m in Sources */,
				5B5364C32602CC01007E7F20 /* XCNIDEFoundationTestHelpers.m in Sources */,
			);
			runOnlyForDeploymentPostprocessing = 0;
		};
		5B5364C72602D710007E7F20 /* Sources */ = {
			isa = PBXSourcesBuildPhase;
			buildActionMask = 2147483647;
			files = (
				5B2BA2792926BBB800D99B58 /* XCNSpamWarningSuppressor.m in Sources */,
				5B1FF6AD2613F122005136E4 /* XCNFileHierarchyAssertions.m in Sources */,
				5B5364D42602D76C007E7F20 /* XCNewTests.m in Sources */,
			);
			runOnlyForDeploymentPostprocessing = 0;
		};
/* End PBXSourcesBuildPhase section */

/* Begin PBXTargetDependency section */
		5B96C88F26472044009C4C13 /* PBXTargetDependency */ = {
			isa = PBXTargetDependency;
			target = 5B20A2ED22F0BB0300EA7295 /* xcnew */;
			targetProxy = 5B96C88E26472044009C4C13 /* PBXContainerItemProxy */;
		};
		5BD3D45F289B00E100BDB452 /* PBXTargetDependency */ = {
			isa = PBXTargetDependency;
			target = 5B20A2ED22F0BB0300EA7295 /* xcnew */;
			targetProxy = 5BD3D45E289B00E100BDB452 /* PBXContainerItemProxy */;
		};
/* End PBXTargetDependency section */

/* Begin XCBuildConfiguration section */
		5B1F0F3E22F7A2BA00A7AFFA /* Debug */ = {
			isa = XCBuildConfiguration;
			buildSettings = {
				INFOPLIST_FILE = "Tests/xcnew-tests/Info.plist";
				LD_RUNPATH_SEARCH_PATHS = (
					"$(inherited)",
					"@executable_path/../Frameworks",
					"@loader_path/../Frameworks",
					"$(DEVELOPER_DIR)/../Frameworks",
					"$(DEVELOPER_DIR)/../SharedFrameworks",
				);
				PRODUCT_BUNDLE_IDENTIFIER = "com.github.manicmaniac.xcnew-tests";
				PRODUCT_NAME = "$(TARGET_NAME)";
			};
			name = Debug;
		};
		5B1F0F3F22F7A2BA00A7AFFA /* Release */ = {
			isa = XCBuildConfiguration;
			buildSettings = {
				INFOPLIST_FILE = "Tests/xcnew-tests/Info.plist";
				LD_RUNPATH_SEARCH_PATHS = (
					"$(inherited)",
					"@executable_path/../Frameworks",
					"@loader_path/../Frameworks",
					"$(DEVELOPER_DIR)/../Frameworks",
					"$(DEVELOPER_DIR)/../SharedFrameworks",
				);
				PRODUCT_BUNDLE_IDENTIFIER = "com.github.manicmaniac.xcnew-tests";
				PRODUCT_NAME = "$(TARGET_NAME)";
			};
			name = Release;
		};
		5B20A2F322F0BB0300EA7295 /* Debug */ = {
			isa = XCBuildConfiguration;
			buildSettings = {
				ALWAYS_SEARCH_USER_PATHS = NO;
				CLANG_ANALYZER_NONNULL = YES;
				CLANG_ANALYZER_NUMBER_OBJECT_CONVERSION = YES_AGGRESSIVE;
				CLANG_CXX_LANGUAGE_STANDARD = "gnu++14";
				CLANG_CXX_LIBRARY = "libc++";
				CLANG_ENABLE_MODULES = YES;
				CLANG_ENABLE_OBJC_ARC = YES;
				CLANG_ENABLE_OBJC_WEAK = YES;
				CLANG_WARN_BLOCK_CAPTURE_AUTORELEASING = YES;
				CLANG_WARN_BOOL_CONVERSION = YES;
				CLANG_WARN_COMMA = YES;
				CLANG_WARN_CONSTANT_CONVERSION = YES;
				CLANG_WARN_DEPRECATED_OBJC_IMPLEMENTATIONS = YES;
				CLANG_WARN_DIRECT_OBJC_ISA_USAGE = YES_ERROR;
				CLANG_WARN_DOCUMENTATION_COMMENTS = YES;
				CLANG_WARN_EMPTY_BODY = YES;
				CLANG_WARN_ENUM_CONVERSION = YES;
				CLANG_WARN_INFINITE_RECURSION = YES;
				CLANG_WARN_INT_CONVERSION = YES;
				CLANG_WARN_NON_LITERAL_NULL_CONVERSION = YES;
				CLANG_WARN_OBJC_IMPLICIT_RETAIN_SELF = YES;
				CLANG_WARN_OBJC_LITERAL_CONVERSION = YES;
				CLANG_WARN_OBJC_ROOT_CLASS = YES_ERROR;
				CLANG_WARN_QUOTED_INCLUDE_IN_FRAMEWORK_HEADER = YES;
				CLANG_WARN_RANGE_LOOP_ANALYSIS = YES;
				CLANG_WARN_STRICT_PROTOTYPES = YES;
				CLANG_WARN_SUSPICIOUS_MOVE = YES;
				CLANG_WARN_UNGUARDED_AVAILABILITY = YES_AGGRESSIVE;
				CLANG_WARN_UNREACHABLE_CODE = YES;
				CLANG_WARN__DUPLICATE_METHOD_MATCH = YES;
				CODE_SIGN_IDENTITY = "-";
				CODE_SIGN_STYLE = Manual;
				COPY_PHASE_STRIP = NO;
				CURRENT_PROJECT_VERSION = 0.6.3;
				DEBUG_INFORMATION_FORMAT = dwarf;
				ENABLE_STRICT_OBJC_MSGSEND = YES;
				ENABLE_TESTABILITY = YES;
				FRAMEWORK_SEARCH_PATHS = (
					"$(inherited)",
					"$(SRCROOT)/Frameworks",
				);
				GCC_C_LANGUAGE_STANDARD = gnu11;
				GCC_DYNAMIC_NO_PIC = NO;
				GCC_NO_COMMON_BLOCKS = YES;
				GCC_OPTIMIZATION_LEVEL = 0;
				GCC_PREPROCESSOR_DEFINITIONS = (
					"DEBUG=1",
					"XCODE_VERSION_MAJOR=0x$(XCODE_VERSION_MAJOR)",
					"$(inherited)",
				);
				GCC_WARN_64_TO_32_BIT_CONVERSION = YES;
				GCC_WARN_ABOUT_RETURN_TYPE = YES_ERROR;
				GCC_WARN_UNDECLARED_SELECTOR = YES;
				GCC_WARN_UNINITIALIZED_AUTOS = YES_AGGRESSIVE;
				GCC_WARN_UNUSED_FUNCTION = YES;
				GCC_WARN_UNUSED_VARIABLE = YES;
				MACOSX_DEPLOYMENT_TARGET = 11.0;
				MARKETING_VERSION = "$(CURRENT_PROJECT_VERSION)";
				MTL_ENABLE_DEBUG_INFO = INCLUDE_SOURCE;
				MTL_FAST_MATH = YES;
				ONLY_ACTIVE_ARCH = YES;
				SDKROOT = macosx;
				SWIFT_ACTIVE_COMPILATION_CONDITIONS = DEBUG;
				SWIFT_OPTIMIZATION_LEVEL = "-Onone";
			};
			name = Debug;
		};
		5B20A2F422F0BB0300EA7295 /* Release */ = {
			isa = XCBuildConfiguration;
			buildSettings = {
				ALWAYS_SEARCH_USER_PATHS = NO;
				CLANG_ANALYZER_NONNULL = YES;
				CLANG_ANALYZER_NUMBER_OBJECT_CONVERSION = YES_AGGRESSIVE;
				CLANG_CXX_LANGUAGE_STANDARD = "gnu++14";
				CLANG_CXX_LIBRARY = "libc++";
				CLANG_ENABLE_MODULES = YES;
				CLANG_ENABLE_OBJC_ARC = YES;
				CLANG_ENABLE_OBJC_WEAK = YES;
				CLANG_WARN_BLOCK_CAPTURE_AUTORELEASING = YES;
				CLANG_WARN_BOOL_CONVERSION = YES;
				CLANG_WARN_COMMA = YES;
				CLANG_WARN_CONSTANT_CONVERSION = YES;
				CLANG_WARN_DEPRECATED_OBJC_IMPLEMENTATIONS = YES;
				CLANG_WARN_DIRECT_OBJC_ISA_USAGE = YES_ERROR;
				CLANG_WARN_DOCUMENTATION_COMMENTS = YES;
				CLANG_WARN_EMPTY_BODY = YES;
				CLANG_WARN_ENUM_CONVERSION = YES;
				CLANG_WARN_INFINITE_RECURSION = YES;
				CLANG_WARN_INT_CONVERSION = YES;
				CLANG_WARN_NON_LITERAL_NULL_CONVERSION = YES;
				CLANG_WARN_OBJC_IMPLICIT_RETAIN_SELF = YES;
				CLANG_WARN_OBJC_LITERAL_CONVERSION = YES;
				CLANG_WARN_OBJC_ROOT_CLASS = YES_ERROR;
				CLANG_WARN_QUOTED_INCLUDE_IN_FRAMEWORK_HEADER = YES;
				CLANG_WARN_RANGE_LOOP_ANALYSIS = YES;
				CLANG_WARN_STRICT_PROTOTYPES = YES;
				CLANG_WARN_SUSPICIOUS_MOVE = YES;
				CLANG_WARN_UNGUARDED_AVAILABILITY = YES_AGGRESSIVE;
				CLANG_WARN_UNREACHABLE_CODE = YES;
				CLANG_WARN__DUPLICATE_METHOD_MATCH = YES;
				CODE_SIGN_IDENTITY = "-";
				CODE_SIGN_STYLE = Manual;
				COPY_PHASE_STRIP = NO;
				CURRENT_PROJECT_VERSION = 0.6.3;
				DEBUG_INFORMATION_FORMAT = "dwarf-with-dsym";
				ENABLE_NS_ASSERTIONS = NO;
				ENABLE_STRICT_OBJC_MSGSEND = YES;
				FRAMEWORK_SEARCH_PATHS = (
					"$(inherited)",
					"$(SRCROOT)/Frameworks",
				);
				GCC_C_LANGUAGE_STANDARD = gnu11;
				GCC_NO_COMMON_BLOCKS = YES;
				GCC_PREPROCESSOR_DEFINITIONS = "XCODE_VERSION_MAJOR=0x$(XCODE_VERSION_MAJOR)";
				GCC_WARN_64_TO_32_BIT_CONVERSION = YES;
				GCC_WARN_ABOUT_RETURN_TYPE = YES_ERROR;
				GCC_WARN_UNDECLARED_SELECTOR = YES;
				GCC_WARN_UNINITIALIZED_AUTOS = YES_AGGRESSIVE;
				GCC_WARN_UNUSED_FUNCTION = YES;
				GCC_WARN_UNUSED_VARIABLE = YES;
				MACOSX_DEPLOYMENT_TARGET = 11.0;
				MARKETING_VERSION = "$(CURRENT_PROJECT_VERSION)";
				MTL_ENABLE_DEBUG_INFO = NO;
				MTL_FAST_MATH = YES;
				SDKROOT = macosx;
				SWIFT_COMPILATION_MODE = wholemodule;
				SWIFT_OPTIMIZATION_LEVEL = "-O";
			};
			name = Release;
		};
		5B20A2F622F0BB0300EA7295 /* Debug */ = {
			isa = XCBuildConfiguration;
			buildSettings = {
				APPLY_RULES_IN_COPY_FILES = YES;
				CREATE_INFOPLIST_SECTION_IN_BINARY = YES;
				INFOPLIST_FILE = "$(SRCROOT)/Sources/xcnew/Info.plist";
				INSTALL_PATH = /bin;
				LD_RUNPATH_SEARCH_PATHS = (
					"$(inherited)",
					"$(DEVELOPER_DIR)/../Frameworks",
					"$(DEVELOPER_DIR)/../SharedFrameworks",
					"$(DEVELOPER_DIR)/../PlugIns",
				);
				PRODUCT_BUNDLE_IDENTIFIER = com.github.manicmaniac.xcnew;
				PRODUCT_NAME = "$(TARGET_NAME)";
				WARNING_CFLAGS = (
					"$(inherited)",
					"-Wimplicit-fallthrough",
				);
			};
			name = Debug;
		};
		5B20A2F722F0BB0300EA7295 /* Release */ = {
			isa = XCBuildConfiguration;
			buildSettings = {
				APPLY_RULES_IN_COPY_FILES = YES;
				CREATE_INFOPLIST_SECTION_IN_BINARY = YES;
				INFOPLIST_FILE = "$(SRCROOT)/Sources/xcnew/Info.plist";
				INSTALL_PATH = /bin;
				LD_RUNPATH_SEARCH_PATHS = (
					"$(inherited)",
					"$(DEVELOPER_DIR)/../Frameworks",
					"$(DEVELOPER_DIR)/../SharedFrameworks",
					"$(DEVELOPER_DIR)/../PlugIns",
				);
				PRODUCT_BUNDLE_IDENTIFIER = com.github.manicmaniac.xcnew;
				PRODUCT_NAME = "$(TARGET_NAME)";
				WARNING_CFLAGS = (
					"$(inherited)",
					"-Wimplicit-fallthrough",
				);
			};
			name = Release;
		};
		5B5364AC2602C8F8007E7F20 /* Debug */ = {
			isa = XCBuildConfiguration;
			buildSettings = {
				INFOPLIST_FILE = Tests/DVTFoundationTests/Info.plist;
				LD_RUNPATH_SEARCH_PATHS = (
					"$(inherited)",
					"@executable_path/../Frameworks",
					"@loader_path/../Frameworks",
					"$(DEVELOPER_DIR)/../SharedFrameworks",
				);
				PRODUCT_BUNDLE_IDENTIFIER = com.github.manicmaniac.DVTFoundationTests;
				PRODUCT_NAME = "$(TARGET_NAME)";
			};
			name = Debug;
		};
		5B5364AD2602C8F8007E7F20 /* Release */ = {
			isa = XCBuildConfiguration;
			buildSettings = {
				INFOPLIST_FILE = Tests/DVTFoundationTests/Info.plist;
				LD_RUNPATH_SEARCH_PATHS = (
					"$(inherited)",
					"@executable_path/../Frameworks",
					"@loader_path/../Frameworks",
					"$(DEVELOPER_DIR)/../SharedFrameworks",
				);
				PRODUCT_BUNDLE_IDENTIFIER = com.github.manicmaniac.DVTFoundationTests;
				PRODUCT_NAME = "$(TARGET_NAME)";
			};
			name = Release;
		};
		5B5364BD2602CB37007E7F20 /* Debug */ = {
			isa = XCBuildConfiguration;
			buildSettings = {
				INFOPLIST_FILE = Tests/IDEFoundationTests/Info.plist;
				LD_RUNPATH_SEARCH_PATHS = (
					"$(inherited)",
					"@executable_path/../Frameworks",
					"@loader_path/../Frameworks",
					"$(DEVELOPER_DIR)/../Frameworks",
					"$(DEVELOPER_DIR)/../SharedFrameworks",
				);
				PRODUCT_BUNDLE_IDENTIFIER = com.github.manicmaniac.IDEFoundationTests;
				PRODUCT_NAME = "$(TARGET_NAME)";
			};
			name = Debug;
		};
		5B5364BE2602CB37007E7F20 /* Release */ = {
			isa = XCBuildConfiguration;
			buildSettings = {
				INFOPLIST_FILE = Tests/IDEFoundationTests/Info.plist;
				LD_RUNPATH_SEARCH_PATHS = (
					"$(inherited)",
					"@executable_path/../Frameworks",
					"@loader_path/../Frameworks",
					"$(DEVELOPER_DIR)/../Frameworks",
					"$(DEVELOPER_DIR)/../SharedFrameworks",
				);
				PRODUCT_BUNDLE_IDENTIFIER = com.github.manicmaniac.IDEFoundationTests;
				PRODUCT_NAME = "$(TARGET_NAME)";
			};
			name = Release;
		};
		5B5364D12602D710007E7F20 /* Debug */ = {
			isa = XCBuildConfiguration;
			buildSettings = {
				INFOPLIST_FILE = "Tests/xcnew-integration-tests/Info.plist";
				LD_RUNPATH_SEARCH_PATHS = (
					"$(inherited)",
					"@executable_path/../Frameworks",
					"@loader_path/../Frameworks",
				);
				PRODUCT_BUNDLE_IDENTIFIER = "com.github.manicmaniac.xcnew-integration-tests";
				PRODUCT_NAME = "$(TARGET_NAME)";
			};
			name = Debug;
		};
		5B5364D22602D710007E7F20 /* Release */ = {
			isa = XCBuildConfiguration;
			buildSettings = {
				INFOPLIST_FILE = "Tests/xcnew-integration-tests/Info.plist";
				LD_RUNPATH_SEARCH_PATHS = (
					"$(inherited)",
					"@executable_path/../Frameworks",
					"@loader_path/../Frameworks",
				);
				PRODUCT_BUNDLE_IDENTIFIER = "com.github.manicmaniac.xcnew-integration-tests";
				PRODUCT_NAME = "$(TARGET_NAME)";
			};
			name = Release;
		};
/* End XCBuildConfiguration section */

/* Begin XCConfigurationList section */
		5B1F0F4022F7A2BA00A7AFFA /* Build configuration list for PBXNativeTarget "xcnew-tests" */ = {
			isa = XCConfigurationList;
			buildConfigurations = (
				5B1F0F3E22F7A2BA00A7AFFA /* Debug */,
				5B1F0F3F22F7A2BA00A7AFFA /* Release */,
			);
			defaultConfigurationIsVisible = 0;
			defaultConfigurationName = Release;
		};
		5B20A2E922F0BB0300EA7295 /* Build configuration list for PBXProject "xcnew" */ = {
			isa = XCConfigurationList;
			buildConfigurations = (
				5B20A2F322F0BB0300EA7295 /* Debug */,
				5B20A2F422F0BB0300EA7295 /* Release */,
			);
			defaultConfigurationIsVisible = 0;
			defaultConfigurationName = Release;
		};
		5B20A2F522F0BB0300EA7295 /* Build configuration list for PBXNativeTarget "xcnew" */ = {
			isa = XCConfigurationList;
			buildConfigurations = (
				5B20A2F622F0BB0300EA7295 /* Debug */,
				5B20A2F722F0BB0300EA7295 /* Release */,
			);
			defaultConfigurationIsVisible = 0;
			defaultConfigurationName = Release;
		};
		5B5364AE2602C8F8007E7F20 /* Build configuration list for PBXNativeTarget "DVTFoundationTests" */ = {
			isa = XCConfigurationList;
			buildConfigurations = (
				5B5364AC2602C8F8007E7F20 /* Debug */,
				5B5364AD2602C8F8007E7F20 /* Release */,
			);
			defaultConfigurationIsVisible = 0;
			defaultConfigurationName = Release;
		};
		5B5364BC2602CB37007E7F20 /* Build configuration list for PBXNativeTarget "IDEFoundationTests" */ = {
			isa = XCConfigurationList;
			buildConfigurations = (
				5B5364BD2602CB37007E7F20 /* Debug */,
				5B5364BE2602CB37007E7F20 /* Release */,
			);
			defaultConfigurationIsVisible = 0;
			defaultConfigurationName = Release;
		};
		5B5364D02602D710007E7F20 /* Build configuration list for PBXNativeTarget "xcnew-integration-tests" */ = {
			isa = XCConfigurationList;
			buildConfigurations = (
				5B5364D12602D710007E7F20 /* Debug */,
				5B5364D22602D710007E7F20 /* Release */,
			);
			defaultConfigurationIsVisible = 0;
			defaultConfigurationName = Release;
		};
/* End XCConfigurationList section */
	};
	rootObject = 5B20A2E622F0BB0300EA7295 /* Project object */;
}
